PODS:
  - IOS_SDK_PAYU (0.0.1):
    - MBProgressHUD
    - XMLDictionary (~> 1.4)
  - MBProgressHUD (1.0.0)
  - XMLDictionary (1.4)

DEPENDENCIES:
  - IOS_SDK_PAYU (from `../`)

EXTERNAL SOURCES:
  IOS_SDK_PAYU:
    :path: "../"

SPEC CHECKSUMS:
  IOS_SDK_PAYU: d1748218a8903ecca1a3f3f5895ecdc11f608e90
  MBProgressHUD: 4890f671c94e8a0f3cf959aa731e9de2f036d71a
  XMLDictionary: f9f51601ba76678b594ab485f2b00ec1fed23724

PODFILE CHECKSUM: 9ddc2192261050a7fb975cd16b16552e0bd51a53

COCOAPODS: 1.2.0.beta.1
